
Microsoft Visual Studio Solution File, Format Version 12.00
# Visual Studio Version 16
VisualStudioVersion = 16.0.28803.352
MinimumVisualStudioVersion = 10.0.40219.1
Project("{FAE04EC0-301F-11D3-BF4B-00C04F79EFBC}") = "UmbracoTheme.Site", "UmbracoTheme.Site\UmbracoTheme.Site.csproj", "{D15D0D81-D064-49DF-B469-4C80F0DE1C5D}"
EndProject
Project("{2150E333-8FDC-42A3-9474-1A3956D46DE8}") = "Solution Items", "Solution Items", "{F21B6C11-269D-41AE-A72B-D91F2F6DD9B1}"
	ProjectSection(SolutionItems) = preProject
		gulpfile.js = gulpfile.js
	EndProjectSection
EndProject
Project("{FAE04EC0-301F-11D3-BF4B-00C04F79EFBC}") = "Our.Umbraco.BackOfficeThemes", "Our.Umbraco.BackOfficeThemes\Our.Umbraco.BackOfficeThemes.csproj", "{AD614440-9D1F-4E19-8368-32307C85D243}"
EndProject
Global
	GlobalSection(SolutionConfigurationPlatforms) = preSolution
		Debug|Any CPU = Debug|Any CPU
		Release|Any CPU = Release|Any CPU
	EndGlobalSection
	GlobalSection(ProjectConfigurationPlatforms) = postSolution
		{D15D0D81-D064-49DF-B469-4C80F0DE1C5D}.Debug|Any CPU.ActiveCfg = Debug|Any CPU
		{D15D0D81-D064-49DF-B469-4C80F0DE1C5D}.Debug|Any CPU.Build.0 = Debug|Any CPU
		{D15D0D81-D064-49DF-B469-4C80F0DE1C5D}.Release|Any CPU.ActiveCfg = Release|Any CPU
		{D15D0D81-D064-49DF-B469-4C80F0DE1C5D}.Release|Any CPU.Build.0 = Release|Any CPU
		{AD614440-9D1F-4E19-8368-32307C85D243}.Debug|Any CPU.ActiveCfg = Debug|Any CPU
		{AD614440-9D1F-4E19-8368-32307C85D243}.Debug|Any CPU.Build.0 = Debug|Any CPU
		{AD614440-9D1F-4E19-8368-32307C85D243}.Release|Any CPU.ActiveCfg = Release|Any CPU
		{AD614440-9D1F-4E19-8368-32307C85D243}.Release|Any CPU.Build.0 = Release|Any CPU
	EndGlobalSection
	GlobalSection(SolutionProperties) = preSolution
		HideSolutionNode = FALSE
	EndGlobalSection
	GlobalSection(ExtensibilityGlobals) = postSolution
		SolutionGuid = {B68776C6-F7BF-49CD-B311-FD2F8F0301EC}
	EndGlobalSection
EndGlobal
